{
  "originHash" : "a88b01890c92afa4ff053a463c91a43ce54edb2429ff44b05756d697bcffb1fc",
  "pins" : [
    {
      "identity" : "bluruikit",
      "kind" : "remoteSourceControl",
      "location" : "https://github.com/TimOliver/BlurUIKit",
      "state" : {
        "revision" : "235de46a35bae4f5f7bf905831969277b4e7d2aa",
        "version" : "1.5.0"
      }
    },
    {
      "identity" : "kingfisher",
      "kind" : "remoteSourceControl",
      "location" : "https://github.com/onevcat/Kingfisher.git",
      "state" : {
        "revision" : "d30a5fad881137e2267f96a8e3fc35c58999bb94",
        "version" : "8.6.2"
      }
    }
  ],
  "version" : 3
}
